
Microsoft Visual Studio Solution File, Format Version 12.00
# Visual Studio Version 17
VisualStudioVersion = 17.2.32505.173
MinimumVisualStudioVersion = 10.0.40219.1
Project("{9A19103F-16F7-4668-BE54-9A1E7A4F7556}") = "ProjectDb1", "ProjectDb1.csproj", "{330607D1-7FC4-4A4D-AB8F-31CED80D6C6E}"
EndProject
Project("{FAE04EC0-301F-11D3-BF4B-00C04F79EFBC}") = "Modells", "..\Modells\Modells.csproj", "{AFFCCF53-FC01-4C9E-BE4D-2A0B1907014B}"
EndProject
Project("{FAE04EC0-301F-11D3-BF4B-00C04F79EFBC}") = "DALL", "..\DALL\DALL.csproj", "{53FCEB56-C6C0-4CA9-B1EB-DC2B3F03A5EC}"
EndProject
Global
	GlobalSection(SolutionConfigurationPlatforms) = preSolution
		Debug|Any CPU = Debug|Any CPU
		Release|Any CPU = Release|Any CPU
	EndGlobalSection
	GlobalSection(ProjectConfigurationPlatforms) = postSolution
		{330607D1-7FC4-4A4D-AB8F-31CED80D6C6E}.Debug|Any CPU.ActiveCfg = Debug|Any CPU
		{330607D1-7FC4-4A4D-AB8F-31CED80D6C6E}.Debug|Any CPU.Build.0 = Debug|Any CPU
		{330607D1-7FC4-4A4D-AB8F-31CED80D6C6E}.Release|Any CPU.ActiveCfg = Release|Any CPU
		{330607D1-7FC4-4A4D-AB8F-31CED80D6C6E}.Release|Any CPU.Build.0 = Release|Any CPU
		{AFFCCF53-FC01-4C9E-BE4D-2A0B1907014B}.Debug|Any CPU.ActiveCfg = Debug|Any CPU
		{AFFCCF53-FC01-4C9E-BE4D-2A0B1907014B}.Debug|Any CPU.Build.0 = Debug|Any CPU
		{AFFCCF53-FC01-4C9E-BE4D-2A0B1907014B}.Release|Any CPU.ActiveCfg = Release|Any CPU
		{AFFCCF53-FC01-4C9E-BE4D-2A0B1907014B}.Release|Any CPU.Build.0 = Release|Any CPU
		{53FCEB56-C6C0-4CA9-B1EB-DC2B3F03A5EC}.Debug|Any CPU.ActiveCfg = Debug|Any CPU
		{53FCEB56-C6C0-4CA9-B1EB-DC2B3F03A5EC}.Debug|Any CPU.Build.0 = Debug|Any CPU
		{53FCEB56-C6C0-4CA9-B1EB-DC2B3F03A5EC}.Release|Any CPU.ActiveCfg = Release|Any CPU
		{53FCEB56-C6C0-4CA9-B1EB-DC2B3F03A5EC}.Release|Any CPU.Build.0 = Release|Any CPU
	EndGlobalSection
	GlobalSection(SolutionProperties) = preSolution
		HideSolutionNode = FALSE
	EndGlobalSection
	GlobalSection(ExtensibilityGlobals) = postSolution
		SolutionGuid = {8B48911B-5CBF-46EE-90C8-438FC14D05B9}
	EndGlobalSection
EndGlobal
